Microsoft Visual Studio Solution File, Format Version 12.00
# Visual Studio Version 17
VisualStudioVersion = 17.5.2.0
MinimumVisualStudioVersion = 10.0.40219.1
Project("{2150E333-8FDC-42A3-9474-1A3956D46DE8}") = "backend", "backend", "{1AE8ACA6-933B-BF2A-3671-3E2EAC007D16}"
EndProject
Project("{FAE04EC0-301F-11D3-BF4B-00C04F79EFBC}") = "EstagioCheck.API", "backend\EstagioCheck.API.csproj", "{E8F49099-0945-2987-6FA3-C2BE831F9687}"
EndProject
Project("{FAE04EC0-301F-11D3-BF4B-00C04F79EFBC}") = "EstagioCheck.API.Tests", "backend.Tests\EstagioCheck.API.Tests.csproj", "{C5024E66-238C-4268-A4C9-5897487D2655}"
EndProject
Global
	GlobalSection(SolutionConfigurationPlatforms) = preSolution
		Debug|Any CPU = Debug|Any CPU
		Release|Any CPU = Release|Any CPU
	EndGlobalSection
	GlobalSection(ProjectConfigurationPlatforms) = postSolution
		{E8F49099-0945-2987-6FA3-C2BE831F9687}.Debug|Any CPU.ActiveCfg = Debug|Any CPU
		{E8F49099-0945-2987-6FA3-C2BE831F9687}.Debug|Any CPU.Build.0 = Debug|Any CPU
		{E8F49099-0945-2987-6FA3-C2BE831F9687}.Release|Any CPU.ActiveCfg = Release|Any CPU
		{E8F49099-0945-2987-6FA3-C2BE831F9687}.Release|Any CPU.Build.0 = Release|Any CPU
		{C5024E66-238C-4268-A4C9-5897487D2655}.Debug|Any CPU.ActiveCfg = Debug|Any CPU
		{C5024E66-238C-4268-A4C9-5897487D2655}.Debug|Any CPU.Build.0 = Debug|Any CPU
		{C5024E66-238C-4268-A4C9-5897487D2655}.Release|Any CPU.ActiveCfg = Release|Any CPU
		{C5024E66-238C-4268-A4C9-5897487D2655}.Release|Any CPU.Build.0 = Release|Any CPU
	EndGlobalSection
	GlobalSection(SolutionProperties) = preSolution
		HideSolutionNode = FALSE
	EndGlobalSection
	GlobalSection(NestedProjects) = preSolution
		{E8F49099-0945-2987-6FA3-C2BE831F9687} = {1AE8ACA6-933B-BF2A-3671-3E2EAC007D16}
	EndGlobalSection
	GlobalSection(ExtensibilityGlobals) = postSolution
		SolutionGuid = {F734E729-650E-408C-8F8C-32F80C26A1FD}
	EndGlobalSection
EndGlobal
